
Microsoft Visual Studio Solution File, Format Version 12.00
# Visual Studio Version 16
VisualStudioVersion = 16.0.30717.126
MinimumVisualStudioVersion = 10.0.40219.1
Project("{6EC3EE1D-3C4E-46DD-8F32-0CC8E7565705}") = "Fable.TypescriptProvider", "Fable.TypescriptProvider.fsproj", "{B2F3CD91-B584-489B-B1DF-291A49B1E1A2}"
EndProject
Project("{6EC3EE1D-3C4E-46DD-8F32-0CC8E7565705}") = "ts2fable", "ts2fable-master\src\ts2fable.fsproj", "{BB7C8D71-64B4-41A6-AD24-FBECBDA36EAE}"
EndProject
Project("{6EC3EE1D-3C4E-46DD-8F32-0CC8E7565705}") = "IntermediateDebugTests", "IntermediateDebugTests\IntermediateDebugTests.fsproj", "{237D148A-DC80-459F-B0CD-150345EF82DF}"
EndProject
Project("{6EC3EE1D-3C4E-46DD-8F32-0CC8E7565705}") = "Transform", "Transform\Transform.fsproj", "{7065B505-5D11-4062-BE01-604BDCA4BFF7}"
EndProject
Project("{2150E333-8FDC-42A3-9474-1A3956D46DE8}") = "docs", "docs", "{D2F8EE1D-FA9F-48A7-B125-A86A154BE345}"
	ProjectSection(SolutionItems) = preProject
		..\README.md = ..\README.md
	EndProjectSection
EndProject
Global
	GlobalSection(SolutionConfigurationPlatforms) = preSolution
		Debug|Any CPU = Debug|Any CPU
		Release|Any CPU = Release|Any CPU
	EndGlobalSection
	GlobalSection(ProjectConfigurationPlatforms) = postSolution
		{B2F3CD91-B584-489B-B1DF-291A49B1E1A2}.Debug|Any CPU.ActiveCfg = Debug|Any CPU
		{B2F3CD91-B584-489B-B1DF-291A49B1E1A2}.Debug|Any CPU.Build.0 = Debug|Any CPU
		{B2F3CD91-B584-489B-B1DF-291A49B1E1A2}.Release|Any CPU.ActiveCfg = Release|Any CPU
		{B2F3CD91-B584-489B-B1DF-291A49B1E1A2}.Release|Any CPU.Build.0 = Release|Any CPU
		{BB7C8D71-64B4-41A6-AD24-FBECBDA36EAE}.Debug|Any CPU.ActiveCfg = Debug|Any CPU
		{BB7C8D71-64B4-41A6-AD24-FBECBDA36EAE}.Debug|Any CPU.Build.0 = Debug|Any CPU
		{BB7C8D71-64B4-41A6-AD24-FBECBDA36EAE}.Release|Any CPU.ActiveCfg = Release|Any CPU
		{BB7C8D71-64B4-41A6-AD24-FBECBDA36EAE}.Release|Any CPU.Build.0 = Release|Any CPU
		{237D148A-DC80-459F-B0CD-150345EF82DF}.Debug|Any CPU.ActiveCfg = Debug|Any CPU
		{237D148A-DC80-459F-B0CD-150345EF82DF}.Debug|Any CPU.Build.0 = Debug|Any CPU
		{237D148A-DC80-459F-B0CD-150345EF82DF}.Release|Any CPU.ActiveCfg = Release|Any CPU
		{237D148A-DC80-459F-B0CD-150345EF82DF}.Release|Any CPU.Build.0 = Release|Any CPU
		{7065B505-5D11-4062-BE01-604BDCA4BFF7}.Debug|Any CPU.ActiveCfg = Debug|Any CPU
		{7065B505-5D11-4062-BE01-604BDCA4BFF7}.Debug|Any CPU.Build.0 = Debug|Any CPU
		{7065B505-5D11-4062-BE01-604BDCA4BFF7}.Release|Any CPU.ActiveCfg = Release|Any CPU
		{7065B505-5D11-4062-BE01-604BDCA4BFF7}.Release|Any CPU.Build.0 = Release|Any CPU
	EndGlobalSection
	GlobalSection(SolutionProperties) = preSolution
		HideSolutionNode = FALSE
	EndGlobalSection
	GlobalSection(ExtensibilityGlobals) = postSolution
		SolutionGuid = {9561331E-B6CC-4C3A-AE44-837CAE1FA305}
	EndGlobalSection
EndGlobal
